
Microsoft Visual Studio Solution File, Format Version 12.00
# Visual Studio Version 17
VisualStudioVersion = 17.6.33723.286
MinimumVisualStudioVersion = 10.0.40219.1
Project("{FAE04EC0-301F-11D3-BF4B-00C04F79EFBC}") = "NetCore", "NetCore\NetCore.csproj", "{DAB89628-16F0-4D23-8D6F-E438240AF801}"
EndProject
Project("{FAE04EC0-301F-11D3-BF4B-00C04F79EFBC}") = "NetCore.DATA", "NetCore.DATA\NetCore.DATA.csproj", "{19C121A9-C88D-4273-B32A-1E055254E4A6}"
EndProject
Project("{FAE04EC0-301F-11D3-BF4B-00C04F79EFBC}") = "NetCore.Model", "NetCore.Model\NetCore.Model.csproj", "{D710FEE4-453E-4802-BD07-7F521DBD5BFB}"
EndProject
Global
	GlobalSection(SolutionConfigurationPlatforms) = preSolution
		Debug|Any CPU = Debug|Any CPU
		Release|Any CPU = Release|Any CPU
	EndGlobalSection
	GlobalSection(ProjectConfigurationPlatforms) = postSolution
		{DAB89628-16F0-4D23-8D6F-E438240AF801}.Debug|Any CPU.ActiveCfg = Debug|Any CPU
		{DAB89628-16F0-4D23-8D6F-E438240AF801}.Debug|Any CPU.Build.0 = Debug|Any CPU
		{DAB89628-16F0-4D23-8D6F-E438240AF801}.Release|Any CPU.ActiveCfg = Release|Any CPU
		{DAB89628-16F0-4D23-8D6F-E438240AF801}.Release|Any CPU.Build.0 = Release|Any CPU
		{19C121A9-C88D-4273-B32A-1E055254E4A6}.Debug|Any CPU.ActiveCfg = Debug|Any CPU
		{19C121A9-C88D-4273-B32A-1E055254E4A6}.Debug|Any CPU.Build.0 = Debug|Any CPU
		{19C121A9-C88D-4273-B32A-1E055254E4A6}.Release|Any CPU.ActiveCfg = Release|Any CPU
		{19C121A9-C88D-4273-B32A-1E055254E4A6}.Release|Any CPU.Build.0 = Release|Any CPU
		{D710FEE4-453E-4802-BD07-7F521DBD5BFB}.Debug|Any CPU.ActiveCfg = Debug|Any CPU
		{D710FEE4-453E-4802-BD07-7F521DBD5BFB}.Debug|Any CPU.Build.0 = Debug|Any CPU
		{D710FEE4-453E-4802-BD07-7F521DBD5BFB}.Release|Any CPU.ActiveCfg = Release|Any CPU
		{D710FEE4-453E-4802-BD07-7F521DBD5BFB}.Release|Any CPU.Build.0 = Release|Any CPU
	EndGlobalSection
	GlobalSection(SolutionProperties) = preSolution
		HideSolutionNode = FALSE
	EndGlobalSection
	GlobalSection(ExtensibilityGlobals) = postSolution
		SolutionGuid = {3083F70A-4CCE-4063-9139-13E09C44F520}
	EndGlobalSection
EndGlobal
